Microsoft Visual Studio Solution File, Format Version 12.00
# Visual Studio Version 17
VisualStudioVersion = 17.5.2.0
MinimumVisualStudioVersion = 10.0.40219.1
Project("{2150E333-8FDC-42A3-9474-1A3956D46DE8}") = "src", "src", "{827E0CD3-B72D-47B6-A68D-7590B98EB39B}"
EndProject
Project("{2150E333-8FDC-42A3-9474-1A3956D46DE8}") = "Services", "Services", "{984BB9B3-3FA3-BE33-9484-CAC21695A33C}"
EndProject
Project("{2150E333-8FDC-42A3-9474-1A3956D46DE8}") = "Ordering", "Ordering", "{D3BAB01C-7F3F-8576-96BE-8BE70C9B9915}"
EndProject
Project("{FAE04EC0-301F-11D3-BF4B-00C04F79EFBC}") = "Ordering.Domain", "src\Services\Ordering\Ordering.Domain\Ordering.Domain.csproj", "{77EF842A-C1B8-BD32-88B7-B626F72D9908}"
EndProject
Global
	GlobalSection(SolutionConfigurationPlatforms) = preSolution
		Debug|Any CPU = Debug|Any CPU
		Release|Any CPU = Release|Any CPU
	EndGlobalSection
	GlobalSection(ProjectConfigurationPlatforms) = postSolution
		{77EF842A-C1B8-BD32-88B7-B626F72D9908}.Debug|Any CPU.ActiveCfg = Debug|Any CPU
		{77EF842A-C1B8-BD32-88B7-B626F72D9908}.Debug|Any CPU.Build.0 = Debug|Any CPU
		{77EF842A-C1B8-BD32-88B7-B626F72D9908}.Release|Any CPU.ActiveCfg = Release|Any CPU
		{77EF842A-C1B8-BD32-88B7-B626F72D9908}.Release|Any CPU.Build.0 = Release|Any CPU
	EndGlobalSection
	GlobalSection(SolutionProperties) = preSolution
		HideSolutionNode = FALSE
	EndGlobalSection
	GlobalSection(NestedProjects) = preSolution
		{984BB9B3-3FA3-BE33-9484-CAC21695A33C} = {827E0CD3-B72D-47B6-A68D-7590B98EB39B}
		{D3BAB01C-7F3F-8576-96BE-8BE70C9B9915} = {984BB9B3-3FA3-BE33-9484-CAC21695A33C}
		{77EF842A-C1B8-BD32-88B7-B626F72D9908} = {D3BAB01C-7F3F-8576-96BE-8BE70C9B9915}
	EndGlobalSection
	GlobalSection(ExtensibilityGlobals) = postSolution
		SolutionGuid = {58033C5F-7F81-4DB9-9D96-5EAC2EEC7DAD}
	EndGlobalSection
EndGlobal
